// !$*UTF8*$!
{
	archiveVersion = 1;
	classes = {
	};
	objectVersion = 46;
	objects = {

/* Begin PBXBuildFile section */
		8FC9E80E1D5441CD008B1A0D /* AppDelegate.swift in Sources */ = {isa = PBXBuildFile; fileRef = 8FC9E80D1D5441CD008B1A0D /* AppDelegate.swift */; };
		8FC9E8101D5441CD008B1A0D /* ViewController.swift in Sources */ = {isa = PBXBuildFile; fileRef = 8FC9E80F1D5441CD008B1A0D /* ViewController.swift */; };
		8FC9E8131D5441CD008B1A0D /* Main.storyboard in Resources */ = {isa = PBXBuildFile; fileRef = 8FC9E8111D5441CD008B1A0D /* Main.storyboard */; };
		8FC9E8151D5441CD008B1A0D /* Assets.xcassets in Resources */ = {isa = PBXBuildFile; fileRef = 8FC9E8141D5441CD008B1A0D /* Assets.xcassets */; };
		8FC9E8181D5441CD008B1A0D /* LaunchScreen.storyboard in Resources */ = {isa = PBXBuildFile; fileRef = 8FC9E8161D5441CD008B1A0D /* LaunchScreen.storyboard */; };
		8FC9E8371D544681008B1A0D /* String+Extension.swift in Sources */ = {isa = PBXBuildFile; fileRef = 8FC9E8341D544681008B1A0D /* String+Extension.swift */; };
		8FC9E8381D544681008B1A0D /* UIView+AutoLayout.swift in Sources */ = {isa = PBXBuildFile; fileRef = 8FC9E8351D544681008B1A0D /* UIView+AutoLayout.swift */; };
		8FC9E8391D544681008B1A0D /* UIView+Inspectable.swift in Sources */ = {isa = PBXBuildFile; fileRef = 8FC9E8361D544681008B1A0D /* UIView+Inspectable.swift */; };
		8FC9E83D1D544747008B1A0D /* YRPShareView.swift in Sources */ = {isa = PBXBuildFile; fileRef = 8FC9E83B1D544747008B1A0D /* YRPShareView.swift */; };
		8FC9E83E1D544747008B1A0D /* YRPShareView.xib in Resources */ = {isa = PBXBuildFile; fileRef = 8FC9E83C1D544747008B1A0D /* YRPShareView.xib */; };
		8FC9E8421D54474D008B1A0D /* YRPAddProductCountView.swift in Sources */ = {isa = PBXBuildFile; fileRef = 8FC9E8401D54474D008B1A0D /* YRPAddProductCountView.swift */; };
		8FC9E8431D54474D008B1A0D /* YRPAddProductCountView.xib in Resources */ = {isa = PBXBuildFile; fileRef = 8FC9E8411D54474D008B1A0D /* YRPAddProductCountView.xib */; };
/* End PBXBuildFile section */

/* Begin PBXFileReference section */
		8FC9E80A1D5441CD008B1A0D /* DRModalViewDemo.app */ = {isa = PBXFileReference; explicitFileType = wrapper.application; includeInIndex = 0; path = DRModalViewDemo.app; sourceTree = BUILT_PRODUCTS_DIR; };
		8FC9E80D1D5441CD008B1A0D /* AppDelegate.swift */ = {isa = PBXFileReference; lastKnownFileType = sourcecode.swift; path = AppDelegate.swift; sourceTree = "<group>"; };
		8FC9E80F1D5441CD008B1A0D /* ViewController.swift */ = {isa = PBXFileReference; lastKnownFileType = sourcecode.swift; path = ViewController.swift; sourceTree = "<group>"; };
		8FC9E8121D5441CD008B1A0D /* Base */ = {isa = PBXFileReference; lastKnownFileType = file.storyboard; name = Base; path = Base.lproj/Main.storyboard; sourceTree = "<group>"; };
		8FC9E8141D5441CD008B1A0D /* Assets.xcassets */ = {isa = PBXFileReference; lastKnownFileType = folder.assetcatalog; path = Assets.xcassets; sourceTree = "<group>"; };
		8FC9E8171D5441CD008B1A0D /* Base */ = {isa = PBXFileReference; lastKnownFileType = file.storyboard; name = Base; path = Base.lproj/LaunchScreen.storyboard; sourceTree = "<group>"; };
		8FC9E8191D5441CD008B1A0D /* Info.plist */ = {isa = PBXFileReference; lastKnownFileType = text.plist.xml; path = Info.plist; sourceTree = "<group>"; };
		8FC9E8341D544681008B1A0D /* String+Extension.swift */ = {isa = PBXFileReference; fileEncoding = 4; lastKnownFileType = sourcecode.swift; path = "String+Extension.swift"; sourceTree = "<group>"; };
		8FC9E8351D544681008B1A0D /* UIView+AutoLayout.swift */ = {isa = PBXFileReference; fileEncoding = 4; lastKnownFileType = sourcecode.swift; path = "UIView+AutoLayout.swift"; sourceTree = "<group>"; };
		8FC9E8361D544681008B1A0D /* UIView+Inspectable.swift */ = {isa = PBXFileReference; fileEncoding = 4; lastKnownFileType = sourcecode.swift; path = "UIView+Inspectable.swift"; sourceTree = "<group>"; };
		8FC9E83B1D544747008B1A0D /* YRPShareView.swift */ = {isa = PBXFileReference; fileEncoding = 4; lastKnownFileType = sourcecode.swift; path = YRPShareView.swift; sourceTree = "<group>"; };
		8FC9E83C1D544747008B1A0D /* YRPShareView.xib */ = {isa = PBXFileReference; fileEncoding = 4; lastKnownFileType = file.xib; path = YRPShareView.xib; sourceTree = "<group>"; };
		8FC9E8401D54474D008B1A0D /* YRPAddProductCountView.swift */ = {isa = PBXFileReference; fileEncoding = 4; lastKnownFileType = sourcecode.swift; path = YRPAddProductCountView.swift; sourceTree = "<group>"; };
		8FC9E8411D54474D008B1A0D /* YRPAddProductCountView.xib */ = {isa = PBXFileReference; fileEncoding = 4; lastKnownFileType = file.xib; path = YRPAddProductCountView.xib; sourceTree = "<group>"; };
/* End PBXFileReference section */

/* Begin PBXFrameworksBuildPhase section */
		8FC9E8071D5441CD008B1A0D /* Frameworks */ = {
			isa = PBXFrameworksBuildPhase;
			buildActionMask = 2147483647;
			files = (
			);
			runOnlyForDeploymentPostprocessing = 0;
		};
/* End PBXFrameworksBuildPhase section */

/* Begin PBXGroup section */
		8FC9E8011D5441CD008B1A0D = {
			isa = PBXGroup;
			children = (
				8FC9E80C1D5441CD008B1A0D /* DRModalViewDemo */,
				8FC9E80B1D5441CD008B1A0D /* Products */,
			);
			sourceTree = "<group>";
		};
		8FC9E80B1D5441CD008B1A0D /* Products */ = {
			isa = PBXGroup;
			children = (
				8FC9E80A1D5441CD008B1A0D /* DRModalViewDemo.app */,
			);
			name = Products;
			sourceTree = "<group>";
		};
		8FC9E80C1D5441CD008B1A0D /* DRModalViewDemo */ = {
			isa = PBXGroup;
			children = (
				8FC9E83F1D54474D008B1A0D /* AddView */,
				8FC9E83A1D544747008B1A0D /* ShareView */,
				8FC9E8331D544681008B1A0D /* Category */,
				8FC9E80D1D5441CD008B1A0D /* AppDelegate.swift */,
				8FC9E80F1D5441CD008B1A0D /* ViewController.swift */,
				8FC9E8111D5441CD008B1A0D /* Main.storyboard */,
				8FC9E8141D5441CD008B1A0D /* Assets.xcassets */,
				8FC9E8161D5441CD008B1A0D /* LaunchScreen.storyboard */,
				8FC9E8191D5441CD008B1A0D /* Info.plist */,
			);
			path = DRModalViewDemo;
			sourceTree = "<group>";
		};
		8FC9E8331D544681008B1A0D /* Category */ = {
			isa = PBXGroup;
			children = (
				8FC9E8341D544681008B1A0D /* String+Extension.swift */,
				8FC9E8351D544681008B1A0D /* UIView+AutoLayout.swift */,
				8FC9E8361D544681008B1A0D /* UIView+Inspectable.swift */,
			);
			path = Category;
			sourceTree = "<group>";
		};
		8FC9E83A1D544747008B1A0D /* ShareView */ = {
			isa = PBXGroup;
			children = (
				8FC9E83B1D544747008B1A0D /* YRPShareView.swift */,
				8FC9E83C1D544747008B1A0D /* YRPShareView.xib */,
			);
			path = ShareView;
			sourceTree = "<group>";
		};
		8FC9E83F1D54474D008B1A0D /* AddView */ = {
			isa = PBXGroup;
			children = (
				8FC9E8401D54474D008B1A0D /* YRPAddProductCountView.swift */,
				8FC9E8411D54474D008B1A0D /* YRPAddProductCountView.xib */,
			);
			path = AddView;
			sourceTree = "<group>";
		};
/* End PBXGroup section */

/* Begin PBXNativeTarget section */
		8FC9E8091D5441CD008B1A0D /* DRModalViewDemo */ = {
			isa = PBXNativeTarget;
			buildConfigurationList = 8FC9E81C1D5441CD008B1A0D /* Build configuration list for PBXNativeTarget "DRModalViewDemo" */;
			buildPhases = (
				8FC9E8061D5441CD008B1A0D /* Sources */,
				8FC9E8071D5441CD008B1A0D /* Frameworks */,
				8FC9E8081D5441CD008B1A0D /* Resources */,
			);
			buildRules = (
			);
			dependencies = (
			);
			name = DRModalViewDemo;
			productName = DRModalViewDemo;
			productReference = 8FC9E80A1D5441CD008B1A0D /* DRModalViewDemo.app */;
			productType = "com.apple.product-type.application";
		};
/* End PBXNativeTarget section */

/* Begin PBXProject section */
		8FC9E8021D5441CD008B1A0D /* Project object */ = {
			isa = PBXProject;
			attributes = {
				LastSwiftUpdateCheck = 0720;
				LastUpgradeCheck = 0720;
				ORGANIZATIONNAME = dengrui;
				TargetAttributes = {
					8FC9E8091D5441CD008B1A0D = {
						CreatedOnToolsVersion = 7.2.1;
					};
				};
			};
			buildConfigurationList = 8FC9E8051D5441CD008B1A0D /* Build configuration list for PBXProject "DRModalViewDemo" */;
			compatibilityVersion = "Xcode 3.2";
			developmentRegion = English;
			hasScannedForEncodings = 0;
			knownRegions = (
				en,
				Base,
			);
			mainGroup = 8FC9E8011D5441CD008B1A0D;
			productRefGroup = 8FC9E80B1D5441CD008B1A0D /* Products */;
			projectDirPath = "";
			projectRoot = "";
			targets = (
				8FC9E8091D5441CD008B1A0D /* DRModalViewDemo */,
			);
		};
/* End PBXProject section */

/* Begin PBXResourcesBuildPhase section */
		8FC9E8081D5441CD008B1A0D /* Resources */ = {
			isa = PBXResourcesBuildPhase;
			buildActionMask = 2147483647;
			files = (
				8FC9E8431D54474D008B1A0D /* YRPAddProductCountView.xib in Resources */,
				8FC9E8181D5441CD008B1A0D /* LaunchScreen.storyboard in Resources */,
				8FC9E8151D5441CD008B1A0D /* Assets.xcassets in Resources */,
				8FC9E83E1D544747008B1A0D /* YRPShareView.xib in Resources */,
				8FC9E8131D5441CD008B1A0D /* Main.storyboard in Resources */,
			);
			runOnlyForDeploymentPostprocessing = 0;
		};
/* End PBXResourcesBuildPhase section */

/* Begin PBXSourcesBuildPhase section */
		8FC9E8061D5441CD008B1A0D /* Sources */ = {
			isa = PBXSourcesBuildPhase;
			buildActionMask = 2147483647;
			files = (
				8FC9E8371D544681008B1A0D /* String+Extension.swift in Sources */,
				8FC9E8381D544681008B1A0D /* UIView+AutoLayout.swift in Sources */,
				8FC9E8101D5441CD008B1A0D /* ViewController.swift in Sources */,
				8FC9E8391D544681008B1A0D /* UIView+Inspectable.swift in Sources */,
				8FC9E83D1D544747008B1A0D /* YRPShareView.swift in Sources */,
				8FC9E80E1D5441CD008B1A0D /* AppDelegate.swift in Sources */,
				8FC9E8421D54474D008B1A0D /* YRPAddProductCountView.swift in Sources */,
			);
			runOnlyForDeploymentPostprocessing = 0;
		};
/* End PBXSourcesBuildPhase section */

/* Begin PBXVariantGroup section */
		8FC9E8111D5441CD008B1A0D /* Main.storyboard */ = {
			isa = PBXVariantGroup;
			children = (
				8FC9E8121D5441CD008B1A0D /* Base */,
			);
			name = Main.storyboard;
			sourceTree = "<group>";
		};
		8FC9E8161D5441CD008B1A0D /* LaunchScreen.storyboard */ = {
			isa = PBXVariantGroup;
			children = (
				8FC9E8171D5441CD008B1A0D /* Base */,
			);
			name = LaunchScreen.storyboard;
			sourceTree = "<group>";
		};
/* End PBXVariantGroup section */

/* Begin XCBuildConfiguration section */
		8FC9E81A1D5441CD008B1A0D /* Debug */ = {
			isa = XCBuildConfiguration;
			buildSettings = {
				ALWAYS_SEARCH_USER_PATHS = NO;
				CLANG_CXX_LANGUAGE_STANDARD = "gnu++0x";
				CLANG_CXX_LIBRARY = "libc++";
				CLANG_ENABLE_MODULES = YES;
				CLANG_ENABLE_OBJC_ARC = YES;
				CLANG_WARN_BOOL_CONVERSION = YES;
				CLANG_WARN_CONSTANT_CONVERSION = YES;
				CLANG_WARN_DIRECT_OBJC_ISA_USAGE = YES_ERROR;
				CLANG_WARN_EMPTY_BODY = YES;
				CLANG_WARN_ENUM_CONVERSION = YES;
				CLANG_WARN_INT_CONVERSION = YES;
				CLANG_WARN_OBJC_ROOT_CLASS = YES_ERROR;
				CLANG_WARN_UNREACHABLE_CODE = YES;
				CLANG_WARN__DUPLICATE_METHOD_MATCH = YES;
				"CODE_SIGN_IDENTITY[sdk=iphoneos*]" = "iPhone Developer";
				COPY_PHASE_STRIP = NO;
				DEBUG_INFORMATION_FORMAT = dwarf;
				ENABLE_STRICT_OBJC_MSGSEND = YES;
				ENABLE_TESTABILITY = YES;
				GCC_C_LANGUAGE_STANDARD = gnu99;
				GCC_DYNAMIC_NO_PIC = NO;
				GCC_NO_COMMON_BLOCKS = YES;
				GCC_OPTIMIZATION_LEVEL = 0;
				GCC_PREPROCESSOR_DEFINITIONS = (
					"DEBUG=1",
					"$(inherited)",
				);
				GCC_WARN_64_TO_32_BIT_CONVERSION = YES;
				GCC_WARN_ABOUT_RETURN_TYPE = YES_ERROR;
				GCC_WARN_UNDECLARED_SELECTOR = YES;
				GCC_WARN_UNINITIALIZED_AUTOS = YES_AGGRESSIVE;
				GCC_WARN_UNUSED_FUNCTION = YES;
				GCC_WARN_UNUSED_VARIABLE = YES;
				IPHONEOS_DEPLOYMENT_TARGET = 9.2;
				MTL_ENABLE_DEBUG_INFO = YES;
				ONLY_ACTIVE_ARCH = YES;
				SDKROOT = iphoneos;
				SWIFT_OPTIMIZATION_LEVEL = "-Onone";
			};
			name = Debug;
		};
		8FC9E81B1D5441CD008B1A0D /* Release */ = {
			isa = XCBuildConfiguration;
			buildSettings = {
				ALWAYS_SEARCH_USER_PATHS = NO;
				CLANG_CXX_LANGUAGE_STANDARD = "gnu++0x";
				CLANG_CXX_LIBRARY = "libc++";
				CLANG_ENABLE_MODULES = YES;
				CLANG_ENABLE_OBJC_ARC = YES;
				CLANG_WARN_BOOL_CONVERSION = YES;
				CLANG_WARN_CONSTANT_CONVERSION = YES;
				CLANG_WARN_DIRECT_OBJC_ISA_USAGE = YES_ERROR;
				CLANG_WARN_EMPTY_BODY = YES;
				CLANG_WARN_ENUM_CONVERSION = YES;
				CLANG_WARN_INT_CONVERSION = YES;
				CLANG_WARN_OBJC_ROOT_CLASS = YES_ERROR;
				CLANG_WARN_UNREACHABLE_CODE = YES;
				CLANG_WARN__DUPLICATE_METHOD_MATCH = YES;
				"CODE_SIGN_IDENTITY[sdk=iphoneos*]" = "iPhone Developer";
				COPY_PHASE_STRIP = NO;
				DEBUG_INFORMATION_FORMAT = "dwarf-with-dsym";
				ENABLE_NS_ASSERTIONS = NO;
				ENABLE_STRICT_OBJC_MSGSEND = YES;
				GCC_C_LANGUAGE_STANDARD = gnu99;
				GCC_NO_COMMON_BLOCKS = YES;
				GCC_WARN_64_TO_32_BIT_CONVERSION = YES;
				GCC_WARN_ABOUT_RETURN_TYPE = YES_ERROR;
				GCC_WARN_UNDECLARED_SELECTOR = YES;
				GCC_WARN_UNINITIALIZED_AUTOS = YES_AGGRESSIVE;
				GCC_WARN_UNUSED_FUNCTION = YES;
				GCC_WARN_UNUSED_VARIABLE = YES;
				IPHONEOS_DEPLOYMENT_TARGET = 9.2;
				MTL_ENABLE_DEBUG_INFO = NO;
				SDKROOT = iphoneos;
				VALIDATE_PRODUCT = YES;
			};
			name = Release;
		};
		8FC9E81D1D5441CD008B1A0D /* Debug */ = {
			isa = XCBuildConfiguration;
			buildSettings = {
				ASSETCATALOG_COMPILER_APPICON_NAME = AppIcon;
				INFOPLIST_FILE = DRModalViewDemo/Info.plist;
				LD_RUNPATH_SEARCH_PATHS = "$(inherited) @executable_path/Frameworks";
				PRODUCT_BUNDLE_IDENTIFIER = com.yrpay.com.DRModalViewDemo;
				PRODUCT_NAME = "$(TARGET_NAME)";
			};
			name = Debug;
		};
		8FC9E81E1D5441CD008B1A0D /* Release */ = {
			isa = XCBuildConfiguration;
			buildSettings = {
				ASSETCATALOG_COMPILER_APPICON_NAME = AppIcon;
				INFOPLIST_FILE = DRModalViewDemo/Info.plist;
				LD_RUNPATH_SEARCH_PATHS = "$(inherited) @executable_path/Frameworks";
				PRODUCT_BUNDLE_IDENTIFIER = com.yrpay.com.DRModalViewDemo;
				PRODUCT_NAME = "$(TARGET_NAME)";
			};
			name = Release;
		};
/* End XCBuildConfiguration section */

/* Begin XCConfigurationList section */
		8FC9E8051D5441CD008B1A0D /* Build configuration list for PBXProject "DRModalViewDemo" */ = {
			isa = XCConfigurationList;
			buildConfigurations = (
				8FC9E81A1D5441CD008B1A0D /* Debug */,
				8FC9E81B1D5441CD008B1A0D /* Release */,
			);
			defaultConfigurationIsVisible = 0;
			defaultConfigurationName = Release;
		};
		8FC9E81C1D5441CD008B1A0D /* Build configuration list for PBXNativeTarget "DRModalViewDemo" */ = {
			isa = XCConfigurationList;
			buildConfigurations = (
				8FC9E81D1D5441CD008B1A0D /* Debug */,
				8FC9E81E1D5441CD008B1A0D /* Release */,
			);
			defaultConfigurationIsVisible = 0;
		};
/* End XCConfigurationList section */
	};
	rootObject = 8FC9E8021D5441CD008B1A0D /* Project object */;
}
